
Microsoft Visual Studio Solution File, Format Version 12.00
# Visual Studio 14
VisualStudioVersion = 14.0.23107.0
MinimumVisualStudioVersion = 10.0.40219.1
Project("{FAE04EC0-301F-11D3-BF4B-00C04F79EFBC}") = "IOhmValueCalculator1", "IOhmValueCalculator1\IOhmValueCalculator1.csproj", "{810A5354-0DFE-4299-A0AB-74069CAC6647}"
EndProject
Global
	GlobalSection(SolutionConfigurationPlatforms) = preSolution
		Debug|Any CPU = Debug|Any CPU
		Release|Any CPU = Release|Any CPU
	EndGlobalSection
	GlobalSection(ProjectConfigurationPlatforms) = postSolution
		{810A5354-0DFE-4299-A0AB-74069CAC6647}.Debug|Any CPU.ActiveCfg = Debug|Any CPU
		{810A5354-0DFE-4299-A0AB-74069CAC6647}.Debug|Any CPU.Build.0 = Debug|Any CPU
		{810A5354-0DFE-4299-A0AB-74069CAC6647}.Release|Any CPU.ActiveCfg = Release|Any CPU
		{810A5354-0DFE-4299-A0AB-74069CAC6647}.Release|Any CPU.Build.0 = Release|Any CPU
	EndGlobalSection
	GlobalSection(SolutionProperties) = preSolution
		HideSolutionNode = FALSE
	EndGlobalSection
EndGlobal
